
Microsoft Visual Studio Solution File, Format Version 12.00
# Visual Studio Version 16
VisualStudioVersion = 16.0.29009.5
MinimumVisualStudioVersion = 10.0.40219.1
Project("{9A19103F-16F7-4668-BE54-9A1E7A4F7556}") = "QueueService", "QueueService\QueueService.csproj", "{06EC9E6C-3E42-4940-B3EC-A8507DE72521}"
EndProject
Project("{9A19103F-16F7-4668-BE54-9A1E7A4F7556}") = "Common", "Common\Common.csproj", "{997C0468-29E8-49AA-A4AE-B9B49F758BAB}"
EndProject
Project("{9A19103F-16F7-4668-BE54-9A1E7A4F7556}") = "UsersService", "UsersService\UsersService.csproj", "{A87F8A78-5AD2-4BB5-842B-BE9CABA8D5AA}"
EndProject
Project("{FAE04EC0-301F-11D3-BF4B-00C04F79EFBC}") = "ManagementService", "ManagementService\ManagementService.csproj", "{2CB72AA7-C9EB-4AA2-BF90-B71B9FB76D70}"
EndProject
Global
	GlobalSection(SolutionConfigurationPlatforms) = preSolution
		Debug|Any CPU = Debug|Any CPU
		Release|Any CPU = Release|Any CPU
	EndGlobalSection
	GlobalSection(ProjectConfigurationPlatforms) = postSolution
		{06EC9E6C-3E42-4940-B3EC-A8507DE72521}.Debug|Any CPU.ActiveCfg = Debug|Any CPU
		{06EC9E6C-3E42-4940-B3EC-A8507DE72521}.Debug|Any CPU.Build.0 = Debug|Any CPU
		{06EC9E6C-3E42-4940-B3EC-A8507DE72521}.Release|Any CPU.ActiveCfg = Release|Any CPU
		{06EC9E6C-3E42-4940-B3EC-A8507DE72521}.Release|Any CPU.Build.0 = Release|Any CPU
		{997C0468-29E8-49AA-A4AE-B9B49F758BAB}.Debug|Any CPU.ActiveCfg = Debug|Any CPU
		{997C0468-29E8-49AA-A4AE-B9B49F758BAB}.Debug|Any CPU.Build.0 = Debug|Any CPU
		{997C0468-29E8-49AA-A4AE-B9B49F758BAB}.Release|Any CPU.ActiveCfg = Release|Any CPU
		{997C0468-29E8-49AA-A4AE-B9B49F758BAB}.Release|Any CPU.Build.0 = Release|Any CPU
		{A87F8A78-5AD2-4BB5-842B-BE9CABA8D5AA}.Debug|Any CPU.ActiveCfg = Debug|Any CPU
		{A87F8A78-5AD2-4BB5-842B-BE9CABA8D5AA}.Debug|Any CPU.Build.0 = Debug|Any CPU
		{A87F8A78-5AD2-4BB5-842B-BE9CABA8D5AA}.Release|Any CPU.ActiveCfg = Release|Any CPU
		{A87F8A78-5AD2-4BB5-842B-BE9CABA8D5AA}.Release|Any CPU.Build.0 = Release|Any CPU
		{2CB72AA7-C9EB-4AA2-BF90-B71B9FB76D70}.Debug|Any CPU.ActiveCfg = Debug|Any CPU
		{2CB72AA7-C9EB-4AA2-BF90-B71B9FB76D70}.Debug|Any CPU.Build.0 = Debug|Any CPU
		{2CB72AA7-C9EB-4AA2-BF90-B71B9FB76D70}.Release|Any CPU.ActiveCfg = Release|Any CPU
		{2CB72AA7-C9EB-4AA2-BF90-B71B9FB76D70}.Release|Any CPU.Build.0 = Release|Any CPU
	EndGlobalSection
	GlobalSection(SolutionProperties) = preSolution
		HideSolutionNode = FALSE
	EndGlobalSection
	GlobalSection(ExtensibilityGlobals) = postSolution
		SolutionGuid = {19A4EBB1-0BD5-4116-B2FF-68B8FC4A6548}
	EndGlobalSection
EndGlobal
